
Microsoft Visual Studio Solution File, Format Version 12.00
# Visual Studio Version 17
VisualStudioVersion = 17.8.34525.116
MinimumVisualStudioVersion = 10.0.40219.1
Project("{FAE04EC0-301F-11D3-BF4B-00C04F79EFBC}") = "MVP架構練習", "MVP架構練習\MVP架構練習.csproj", "{1DDD0C57-4189-459E-8359-8921B02EDA61}"
EndProject
Global
	GlobalSection(SolutionConfigurationPlatforms) = preSolution
		Debug|Any CPU = Debug|Any CPU
		Release|Any CPU = Release|Any CPU
	EndGlobalSection
	GlobalSection(ProjectConfigurationPlatforms) = postSolution
		{1DDD0C57-4189-459E-8359-8921B02EDA61}.Debug|Any CPU.ActiveCfg = Debug|Any CPU
		{1DDD0C57-4189-459E-8359-8921B02EDA61}.Debug|Any CPU.Build.0 = Debug|Any CPU
		{1DDD0C57-4189-459E-8359-8921B02EDA61}.Release|Any CPU.ActiveCfg = Release|Any CPU
		{1DDD0C57-4189-459E-8359-8921B02EDA61}.Release|Any CPU.Build.0 = Release|Any CPU
	EndGlobalSection
	GlobalSection(SolutionProperties) = preSolution
		HideSolutionNode = FALSE
	EndGlobalSection
	GlobalSection(ExtensibilityGlobals) = postSolution
		SolutionGuid = {DEDC9664-3735-4C6C-9A9A-888F71E7D98E}
	EndGlobalSection
EndGlobal
